
Microsoft Visual Studio Solution File, Format Version 12.00
# Visual Studio Version 17
VisualStudioVersion = 17.12.35707.178
MinimumVisualStudioVersion = 10.0.40219.1
Project("{FAE04EC0-301F-11D3-BF4B-00C04F79EFBC}") = "JobApplicationTracker.DataAccess", "JobApplicationTracker.DataAccess\JobApplicationTracker.DataAccess.csproj", "{561D46C5-7A30-4E52-867B-A703534AFFD2}"
EndProject
Project("{FAE04EC0-301F-11D3-BF4B-00C04F79EFBC}") = "JobAppTracker.DataAccess.Tests", "JobAppTracker.DataAccess.Tests\JobAppTracker.DataAccess.Tests.csproj", "{AE5FEBCA-52BC-4258-B628-EEC4FBD442B9}"
EndProject
Project("{FAE04EC0-301F-11D3-BF4B-00C04F79EFBC}") = "JobAppTrackerApiService", "JobAppTrackerApiService\JobAppTrackerApiService.csproj", "{0B3CB6E3-2EFE-4CE8-B17E-546538ACD9B0}"
EndProject
Project("{FAE04EC0-301F-11D3-BF4B-00C04F79EFBC}") = "JobAppTracker.Maui", "JobAppTracker.Maui\JobAppTracker.Maui.csproj", "{DFE0B43E-557E-42A6-BB35-B3F0645FC262}"
EndProject
Global
	GlobalSection(SolutionConfigurationPlatforms) = preSolution
		Debug|Any CPU = Debug|Any CPU
		Release|Any CPU = Release|Any CPU
	EndGlobalSection
	GlobalSection(ProjectConfigurationPlatforms) = postSolution
		{561D46C5-7A30-4E52-867B-A703534AFFD2}.Debug|Any CPU.ActiveCfg = Debug|Any CPU
		{561D46C5-7A30-4E52-867B-A703534AFFD2}.Debug|Any CPU.Build.0 = Debug|Any CPU
		{561D46C5-7A30-4E52-867B-A703534AFFD2}.Release|Any CPU.ActiveCfg = Release|Any CPU
		{561D46C5-7A30-4E52-867B-A703534AFFD2}.Release|Any CPU.Build.0 = Release|Any CPU
		{AE5FEBCA-52BC-4258-B628-EEC4FBD442B9}.Debug|Any CPU.ActiveCfg = Debug|Any CPU
		{AE5FEBCA-52BC-4258-B628-EEC4FBD442B9}.Debug|Any CPU.Build.0 = Debug|Any CPU
		{AE5FEBCA-52BC-4258-B628-EEC4FBD442B9}.Release|Any CPU.ActiveCfg = Release|Any CPU
		{AE5FEBCA-52BC-4258-B628-EEC4FBD442B9}.Release|Any CPU.Build.0 = Release|Any CPU
		{0B3CB6E3-2EFE-4CE8-B17E-546538ACD9B0}.Debug|Any CPU.ActiveCfg = Debug|Any CPU
		{0B3CB6E3-2EFE-4CE8-B17E-546538ACD9B0}.Debug|Any CPU.Build.0 = Debug|Any CPU
		{0B3CB6E3-2EFE-4CE8-B17E-546538ACD9B0}.Release|Any CPU.ActiveCfg = Release|Any CPU
		{0B3CB6E3-2EFE-4CE8-B17E-546538ACD9B0}.Release|Any CPU.Build.0 = Release|Any CPU
		{DFE0B43E-557E-42A6-BB35-B3F0645FC262}.Debug|Any CPU.ActiveCfg = Debug|Any CPU
		{DFE0B43E-557E-42A6-BB35-B3F0645FC262}.Debug|Any CPU.Build.0 = Debug|Any CPU
		{DFE0B43E-557E-42A6-BB35-B3F0645FC262}.Release|Any CPU.ActiveCfg = Release|Any CPU
		{DFE0B43E-557E-42A6-BB35-B3F0645FC262}.Release|Any CPU.Build.0 = Release|Any CPU
	EndGlobalSection
	GlobalSection(SolutionProperties) = preSolution
		HideSolutionNode = FALSE
	EndGlobalSection
EndGlobal
